// !$*UTF8*$!
{
	archiveVersion = 1;
	classes = {
	};
	objectVersion = 46;
	objects = {

/* Begin PBXBuildFile section */
		50089A821BCA52BB006D4281 /* TwitterUser.swift in Sources */ = {isa = PBXBuildFile; fileRef = 50089A811BCA52BB006D4281 /* TwitterUser.swift */; settings = {ASSET_TAGS = (); }; };
		50089A841BCAA6E7006D4281 /* EndCreditsViewController.swift in Sources */ = {isa = PBXBuildFile; fileRef = 50089A831BCAA6E7006D4281 /* EndCreditsViewController.swift */; settings = {ASSET_TAGS = (); }; };
		503FBB6D1BC8EA1A0008AC94 /* AppDelegate.swift in Sources */ = {isa = PBXBuildFile; fileRef = 503FBB6C1BC8EA1A0008AC94 /* AppDelegate.swift */; };
		503FBB6F1BC8EA1A0008AC94 /* WelcomeViewController.swift in Sources */ = {isa = PBXBuildFile; fileRef = 503FBB6E1BC8EA1A0008AC94 /* WelcomeViewController.swift */; };
		503FBB721BC8EA1A0008AC94 /* Main.storyboard in Resources */ = {isa = PBXBuildFile; fileRef = 503FBB701BC8EA1A0008AC94 /* Main.storyboard */; };
		503FBB741BC8EA1A0008AC94 /* Assets.xcassets in Resources */ = {isa = PBXBuildFile; fileRef = 503FBB731BC8EA1A0008AC94 /* Assets.xcassets */; };
		503FBB771BC8EA1A0008AC94 /* LaunchScreen.storyboard in Resources */ = {isa = PBXBuildFile; fileRef = 503FBB751BC8EA1A0008AC94 /* LaunchScreen.storyboard */; };
		503FBB7F1BC906190008AC94 /* SelectAccountViewController.swift in Sources */ = {isa = PBXBuildFile; fileRef = 503FBB7E1BC906190008AC94 /* SelectAccountViewController.swift */; settings = {ASSET_TAGS = (); }; };
		503FBB811BC9182A0008AC94 /* TwitterApi.swift in Sources */ = {isa = PBXBuildFile; fileRef = 503FBB801BC9182A0008AC94 /* TwitterApi.swift */; settings = {ASSET_TAGS = (); }; };
		503FBB831BC924300008AC94 /* MainViewController.swift in Sources */ = {isa = PBXBuildFile; fileRef = 503FBB821BC924300008AC94 /* MainViewController.swift */; settings = {ASSET_TAGS = (); }; };
/* End PBXBuildFile section */

/* Begin PBXFileReference section */
		50089A811BCA52BB006D4281 /* TwitterUser.swift */ = {isa = PBXFileReference; fileEncoding = 4; lastKnownFileType = sourcecode.swift; path = TwitterUser.swift; sourceTree = "<group>"; };
		50089A831BCAA6E7006D4281 /* EndCreditsViewController.swift */ = {isa = PBXFileReference; fileEncoding = 4; lastKnownFileType = sourcecode.swift; path = EndCreditsViewController.swift; sourceTree = "<group>"; };
		503FBB691BC8EA1A0008AC94 /* Follow or Nah.app */ = {isa = PBXFileReference; explicitFileType = wrapper.application; includeInIndex = 0; path = "Follow or Nah.app"; sourceTree = BUILT_PRODUCTS_DIR; };
		503FBB6C1BC8EA1A0008AC94 /* AppDelegate.swift */ = {isa = PBXFileReference; lastKnownFileType = sourcecode.swift; path = AppDelegate.swift; sourceTree = "<group>"; };
		503FBB6E1BC8EA1A0008AC94 /* WelcomeViewController.swift */ = {isa = PBXFileReference; lastKnownFileType = sourcecode.swift; path = WelcomeViewController.swift; sourceTree = "<group>"; };
		503FBB711BC8EA1A0008AC94 /* Base */ = {isa = PBXFileReference; lastKnownFileType = file.storyboard; name = Base; path = Base.lproj/Main.storyboard; sourceTree = "<group>"; };
		503FBB731BC8EA1A0008AC94 /* Assets.xcassets */ = {isa = PBXFileReference; lastKnownFileType = folder.assetcatalog; path = Assets.xcassets; sourceTree = "<group>"; };
		503FBB761BC8EA1A0008AC94 /* Base */ = {isa = PBXFileReference; lastKnownFileType = file.storyboard; name = Base; path = Base.lproj/LaunchScreen.storyboard; sourceTree = "<group>"; };
		503FBB781BC8EA1A0008AC94 /* Info.plist */ = {isa = PBXFileReference; lastKnownFileType = text.plist.xml; path = Info.plist; sourceTree = "<group>"; };
		503FBB7E1BC906190008AC94 /* SelectAccountViewController.swift */ = {isa = PBXFileReference; fileEncoding = 4; lastKnownFileType = sourcecode.swift; path = SelectAccountViewController.swift; sourceTree = "<group>"; };
		503FBB801BC9182A0008AC94 /* TwitterApi.swift */ = {isa = PBXFileReference; fileEncoding = 4; lastKnownFileType = sourcecode.swift; path = TwitterApi.swift; sourceTree = "<group>"; };
		503FBB821BC924300008AC94 /* MainViewController.swift */ = {isa = PBXFileReference; fileEncoding = 4; lastKnownFileType = sourcecode.swift; path = MainViewController.swift; sourceTree = "<group>"; };
/* End PBXFileReference section */

/* Begin PBXFrameworksBuildPhase section */
		503FBB661BC8EA1A0008AC94 /* Frameworks */ = {
			isa = PBXFrameworksBuildPhase;
			buildActionMask = 2147483647;
			files = (
			);
			runOnlyForDeploymentPostprocessing = 0;
		};
/* End PBXFrameworksBuildPhase section */

/* Begin PBXGroup section */
		503FBB601BC8EA1A0008AC94 = {
			isa = PBXGroup;
			children = (
				503FBB6B1BC8EA1A0008AC94 /* Follow or Nah */,
				503FBB6A1BC8EA1A0008AC94 /* Products */,
			);
			sourceTree = "<group>";
		};
		503FBB6A1BC8EA1A0008AC94 /* Products */ = {
			isa = PBXGroup;
			children = (
				503FBB691BC8EA1A0008AC94 /* Follow or Nah.app */,
			);
			name = Products;
			sourceTree = "<group>";
		};
		503FBB6B1BC8EA1A0008AC94 /* Follow or Nah */ = {
			isa = PBXGroup;
			children = (
				503FBB6C1BC8EA1A0008AC94 /* AppDelegate.swift */,
				503FBB6E1BC8EA1A0008AC94 /* WelcomeViewController.swift */,
				503FBB7E1BC906190008AC94 /* SelectAccountViewController.swift */,
				503FBB821BC924300008AC94 /* MainViewController.swift */,
				50089A831BCAA6E7006D4281 /* EndCreditsViewController.swift */,
				503FBB801BC9182A0008AC94 /* TwitterApi.swift */,
				50089A811BCA52BB006D4281 /* TwitterUser.swift */,
				503FBB701BC8EA1A0008AC94 /* Main.storyboard */,
				503FBB731BC8EA1A0008AC94 /* Assets.xcassets */,
				503FBB751BC8EA1A0008AC94 /* LaunchScreen.storyboard */,
				503FBB781BC8EA1A0008AC94 /* Info.plist */,
			);
			path = "Follow or Nah";
			sourceTree = "<group>";
		};
/* End PBXGroup section */

/* Begin PBXNativeTarget section */
		503FBB681BC8EA1A0008AC94 /* Follow or Nah */ = {
			isa = PBXNativeTarget;
			buildConfigurationList = 503FBB7B1BC8EA1A0008AC94 /* Build configuration list for PBXNativeTarget "Follow or Nah" */;
			buildPhases = (
				503FBB651BC8EA1A0008AC94 /* Sources */,
				503FBB661BC8EA1A0008AC94 /* Frameworks */,
				503FBB671BC8EA1A0008AC94 /* Resources */,
			);
			buildRules = (
			);
			dependencies = (
			);
			name = "Follow or Nah";
			productName = "Follow or Nah";
			productReference = 503FBB691BC8EA1A0008AC94 /* Follow or Nah.app */;
			productType = "com.apple.product-type.application";
		};
/* End PBXNativeTarget section */

/* Begin PBXProject section */
		503FBB611BC8EA1A0008AC94 /* Project object */ = {
			isa = PBXProject;
			attributes = {
				LastUpgradeCheck = 0700;
				ORGANIZATIONNAME = "Юрий Михайлов";
				TargetAttributes = {
					503FBB681BC8EA1A0008AC94 = {
						CreatedOnToolsVersion = 7.0.1;
						DevelopmentTeam = ME2R73LWW9;
					};
				};
			};
			buildConfigurationList = 503FBB641BC8EA1A0008AC94 /* Build configuration list for PBXProject "Follow or Nah" */;
			compatibilityVersion = "Xcode 3.2";
			developmentRegion = English;
			hasScannedForEncodings = 0;
			knownRegions = (
				en,
				Base,
			);
			mainGroup = 503FBB601BC8EA1A0008AC94;
			productRefGroup = 503FBB6A1BC8EA1A0008AC94 /* Products */;
			projectDirPath = "";
			projectRoot = "";
			targets = (
				503FBB681BC8EA1A0008AC94 /* Follow or Nah */,
			);
		};
/* End PBXProject section */

/* Begin PBXResourcesBuildPhase section */
		503FBB671BC8EA1A0008AC94 /* Resources */ = {
			isa = PBXResourcesBuildPhase;
			buildActionMask = 2147483647;
			files = (
				503FBB771BC8EA1A0008AC94 /* LaunchScreen.storyboard in Resources */,
				503FBB741BC8EA1A0008AC94 /* Assets.xcassets in Resources */,
				503FBB721BC8EA1A0008AC94 /* Main.storyboard in Resources */,
			);
			runOnlyForDeploymentPostprocessing = 0;
		};
/* End PBXResourcesBuildPhase section */

/* Begin PBXSourcesBuildPhase section */
		503FBB651BC8EA1A0008AC94 /* Sources */ = {
			isa = PBXSourcesBuildPhase;
			buildActionMask = 2147483647;
			files = (
				503FBB811BC9182A0008AC94 /* TwitterApi.swift in Sources */,
				503FBB7F1BC906190008AC94 /* SelectAccountViewController.swift in Sources */,
				50089A821BCA52BB006D4281 /* TwitterUser.swift in Sources */,
				503FBB6F1BC8EA1A0008AC94 /* WelcomeViewController.swift in Sources */,
				503FBB6D1BC8EA1A0008AC94 /* AppDelegate.swift in Sources */,
				50089A841BCAA6E7006D4281 /* EndCreditsViewController.swift in Sources */,
				503FBB831BC924300008AC94 /* MainViewController.swift in Sources */,
			);
			runOnlyForDeploymentPostprocessing = 0;
		};
/* End PBXSourcesBuildPhase section */

/* Begin PBXVariantGroup section */
		503FBB701BC8EA1A0008AC94 /* Main.storyboard */ = {
			isa = PBXVariantGroup;
			children = (
				503FBB711BC8EA1A0008AC94 /* Base */,
			);
			name = Main.storyboard;
			sourceTree = "<group>";
		};
		503FBB751BC8EA1A0008AC94 /* LaunchScreen.storyboard */ = {
			isa = PBXVariantGroup;
			children = (
				503FBB761BC8EA1A0008AC94 /* Base */,
			);
			name = LaunchScreen.storyboard;
			sourceTree = "<group>";
		};
/* End PBXVariantGroup section */

/* Begin XCBuildConfiguration section */
		503FBB791BC8EA1A0008AC94 /* Debug */ = {
			isa = XCBuildConfiguration;
			buildSettings = {
				ALWAYS_SEARCH_USER_PATHS = NO;
				CLANG_CXX_LANGUAGE_STANDARD = "gnu++0x";
				CLANG_CXX_LIBRARY = "libc++";
				CLANG_ENABLE_MODULES = YES;
				CLANG_ENABLE_OBJC_ARC = YES;
				CLANG_WARN_BOOL_CONVERSION = YES;
				CLANG_WARN_CONSTANT_CONVERSION = YES;
				CLANG_WARN_DIRECT_OBJC_ISA_USAGE = YES_ERROR;
				CLANG_WARN_EMPTY_BODY = YES;
				CLANG_WARN_ENUM_CONVERSION = YES;
				CLANG_WARN_INT_CONVERSION = YES;
				CLANG_WARN_OBJC_ROOT_CLASS = YES_ERROR;
				CLANG_WARN_UNREACHABLE_CODE = YES;
				CLANG_WARN__DUPLICATE_METHOD_MATCH = YES;
				"CODE_SIGN_IDENTITY[sdk=iphoneos*]" = "iPhone Developer";
				COPY_PHASE_STRIP = NO;
				DEBUG_INFORMATION_FORMAT = dwarf;
				ENABLE_STRICT_OBJC_MSGSEND = YES;
				ENABLE_TESTABILITY = YES;
				GCC_C_LANGUAGE_STANDARD = gnu99;
				GCC_DYNAMIC_NO_PIC = NO;
				GCC_NO_COMMON_BLOCKS = YES;
				GCC_OPTIMIZATION_LEVEL = 0;
				GCC_PREPROCESSOR_DEFINITIONS = (
					"DEBUG=1",
					"$(inherited)",
				);
				GCC_WARN_64_TO_32_BIT_CONVERSION = YES;
				GCC_WARN_ABOUT_RETURN_TYPE = YES_ERROR;
				GCC_WARN_UNDECLARED_SELECTOR = YES;
				GCC_WARN_UNINITIALIZED_AUTOS = YES_AGGRESSIVE;
				GCC_WARN_UNUSED_FUNCTION = YES;
				GCC_WARN_UNUSED_VARIABLE = YES;
				IPHONEOS_DEPLOYMENT_TARGET = 9.0;
				MTL_ENABLE_DEBUG_INFO = YES;
				ONLY_ACTIVE_ARCH = YES;
				SDKROOT = iphoneos;
				SWIFT_OPTIMIZATION_LEVEL = "-Onone";
			};
			name = Debug;
		};
		503FBB7A1BC8EA1A0008AC94 /* Release */ = {
			isa = XCBuildConfiguration;
			buildSettings = {
				ALWAYS_SEARCH_USER_PATHS = NO;
				CLANG_CXX_LANGUAGE_STANDARD = "gnu++0x";
				CLANG_CXX_LIBRARY = "libc++";
				CLANG_ENABLE_MODULES = YES;
				CLANG_ENABLE_OBJC_ARC = YES;
				CLANG_WARN_BOOL_CONVERSION = YES;
				CLANG_WARN_CONSTANT_CONVERSION = YES;
				CLANG_WARN_DIRECT_OBJC_ISA_USAGE = YES_ERROR;
				CLANG_WARN_EMPTY_BODY = YES;
				CLANG_WARN_ENUM_CONVERSION = YES;
				CLANG_WARN_INT_CONVERSION = YES;
				CLANG_WARN_OBJC_ROOT_CLASS = YES_ERROR;
				CLANG_WARN_UNREACHABLE_CODE = YES;
				CLANG_WARN__DUPLICATE_METHOD_MATCH = YES;
				"CODE_SIGN_IDENTITY[sdk=iphoneos*]" = "iPhone Developer";
				COPY_PHASE_STRIP = NO;
				DEBUG_INFORMATION_FORMAT = "dwarf-with-dsym";
				ENABLE_NS_ASSERTIONS = NO;
				ENABLE_STRICT_OBJC_MSGSEND = YES;
				GCC_C_LANGUAGE_STANDARD = gnu99;
				GCC_NO_COMMON_BLOCKS = YES;
				GCC_WARN_64_TO_32_BIT_CONVERSION = YES;
				GCC_WARN_ABOUT_RETURN_TYPE = YES_ERROR;
				GCC_WARN_UNDECLARED_SELECTOR = YES;
				GCC_WARN_UNINITIALIZED_AUTOS = YES_AGGRESSIVE;
				GCC_WARN_UNUSED_FUNCTION = YES;
				GCC_WARN_UNUSED_VARIABLE = YES;
				IPHONEOS_DEPLOYMENT_TARGET = 9.0;
				MTL_ENABLE_DEBUG_INFO = NO;
				SDKROOT = iphoneos;
				VALIDATE_PRODUCT = YES;
			};
			name = Release;
		};
		503FBB7C1BC8EA1A0008AC94 /* Debug */ = {
			isa = XCBuildConfiguration;
			buildSettings = {
				ASSETCATALOG_COMPILER_APPICON_NAME = AppIcon;
				INFOPLIST_FILE = "Follow or Nah/Info.plist";
				IPHONEOS_DEPLOYMENT_TARGET = 8.0;
				LD_RUNPATH_SEARCH_PATHS = "$(inherited) @executable_path/Frameworks";
				PRODUCT_BUNDLE_IDENTIFIER = "ru.yurijmi.Follow-or-Nah";
				PRODUCT_NAME = "$(TARGET_NAME)";
			};
			name = Debug;
		};
		503FBB7D1BC8EA1A0008AC94 /* Release */ = {
			isa = XCBuildConfiguration;
			buildSettings = {
				ASSETCATALOG_COMPILER_APPICON_NAME = AppIcon;
				INFOPLIST_FILE = "Follow or Nah/Info.plist";
				IPHONEOS_DEPLOYMENT_TARGET = 8.0;
				LD_RUNPATH_SEARCH_PATHS = "$(inherited) @executable_path/Frameworks";
				PRODUCT_BUNDLE_IDENTIFIER = "ru.yurijmi.Follow-or-Nah";
				PRODUCT_NAME = "$(TARGET_NAME)";
			};
			name = Release;
		};
/* End XCBuildConfiguration section */

/* Begin XCConfigurationList section */
		503FBB641BC8EA1A0008AC94 /* Build configuration list for PBXProject "Follow or Nah" */ = {
			isa = XCConfigurationList;
			buildConfigurations = (
				503FBB791BC8EA1A0008AC94 /* Debug */,
				503FBB7A1BC8EA1A0008AC94 /* Release */,
			);
			defaultConfigurationIsVisible = 0;
			defaultConfigurationName = Release;
		};
		503FBB7B1BC8EA1A0008AC94 /* Build configuration list for PBXNativeTarget "Follow or Nah" */ = {
			isa = XCConfigurationList;
			buildConfigurations = (
				503FBB7C1BC8EA1A0008AC94 /* Debug */,
				503FBB7D1BC8EA1A0008AC94 /* Release */,
			);
			defaultConfigurationIsVisible = 0;
			defaultConfigurationName = Release;
		};
/* End XCConfigurationList section */
	};
	rootObject = 503FBB611BC8EA1A0008AC94 /* Project object */;
}
